{
  "version": "2",
  "remote": {
    "https://cdn.skypack.dev/-/fast-json-patch@v3.1.1-IjacxII42OC4A6OXhkDe/dist=es2019,mode=imports/optimized/fast-json-patch.js": "8a50032720ec865d4ee159b727c3b6768cff79d0bc9d4596322a54bed52886a9",
    "https://cdn.skypack.dev/-/fast-json-patch@v3.1.1-IjacxII42OC4A6OXhkDe/dist=es2019,mode=types/index.d.ts": "14fff1730ea6278c5b85b33248b881df9405c65276fe9f9964b0ce2e8dc1a71b",
    "https://cdn.skypack.dev/-/fast-json-patch@v3.1.1-IjacxII42OC4A6OXhkDe/dist=es2019,mode=types/module/core.d.ts": "954469f78687603c8b091f09dad4ee2ce3420ad114629ccd5cc721253748446c",
    "https://cdn.skypack.dev/-/fast-json-patch@v3.1.1-IjacxII42OC4A6OXhkDe/dist=es2019,mode=types/module/duplex.d.ts": "c5f820d4b6245fd5f9f841f8893d1f7d56a9cefcbed60eb6ed4f8de4587a8cb0",
    "https://cdn.skypack.dev/-/fast-json-patch@v3.1.1-IjacxII42OC4A6OXhkDe/dist=es2019,mode=types/module/helpers.d.ts": "ebf6e19cb84d78da20d022a95f05e8aef12e56f816a1ee12835a4da40d7b14cf",
    "https://cdn.skypack.dev/fast-json-patch@3.1.1/index.mjs?dts": "b2288dcad47c0abbf26e9535140b2cbae71b46c30225c1978e73b16453bb2412",
    "https://deno.land/std@0.189.0/fmt/colors.ts": "d67e3cd9f472535241a8e410d33423980bec45047e343577554d3356e1f0ef4e",
    "https://deno.land/std@0.189.0/testing/_diff.ts": "1a3c044aedf77647d6cac86b798c6417603361b66b54c53331b312caeb447aea",
    "https://deno.land/std@0.189.0/testing/_format.ts": "a69126e8a469009adf4cf2a50af889aca364c349797e63174884a52ff75cf4c7",
    "https://deno.land/std@0.189.0/testing/asserts.ts": "e16d98b4d73ffc4ed498d717307a12500ae4f2cbe668f1a215632d19fcffc22f",
    "https://deno.land/x/github_api_types@2023-05-17-05-41/mod.ts": "dc3a5cd3176c78085b49601e9c3fccac24809b037929230293255edabafbd0bb"
  }
}
