{
  "version": "2",
  "remote": {
    "https://deno.land/std@0.190.0/fmt/colors.ts": "d67e3cd9f472535241a8e410d33423980bec45047e343577554d3356e1f0ef4e",
    "https://deno.land/std@0.190.0/http/http_errors.ts": "b9a18ef97d6c5966964de95e04d1f9f88a0f8bd8577c26fd402d9d632fb03a42",
    "https://deno.land/std@0.190.0/http/http_status.ts": "8a7bcfe3ac025199ad804075385e57f63d055b2aed539d943ccc277616d6f932",
    "https://deno.land/std@0.190.0/testing/_diff.ts": "1a3c044aedf77647d6cac86b798c6417603361b66b54c53331b312caeb447aea",
    "https://deno.land/std@0.190.0/testing/_format.ts": "a69126e8a469009adf4cf2a50af889aca364c349797e63174884a52ff75cf4c7",
    "https://deno.land/std@0.190.0/testing/asserts.ts": "e16d98b4d73ffc4ed498d717307a12500ae4f2cbe668f1a215632d19fcffc22f",
    "https://deno.land/x/dotenv@v3.2.2/load.ts": "cbd76a0aee01aad8d09222afaa1dd04b84d9d3e44637503b01bf77a91df9e041",
    "https://deno.land/x/dotenv@v3.2.2/mod.ts": "077b48773de9205266a0b44c3c3a3c3083449ed64bb0b6cc461b95720678d38e",
    "https://deno.land/x/dotenv@v3.2.2/util.ts": "693730877b13f8ead2b79b2aa31e2a0652862f7dc0c5f6d2f313f4d39c7b7670",
    "https://deno.land/x/github_api_types@2023-05-17-05-41/mod.ts": "dc3a5cd3176c78085b49601e9c3fccac24809b037929230293255edabafbd0bb",
    "https://esm.sh/fast-json-patch@3.1.1": "fd59bab1fabdb3e7e2ce8204aa92113dc451708797021fff6f96b8ff265faedf",
    "https://esm.sh/v124/fast-json-patch@3.1.1/deno/fast-json-patch.mjs": "19183b256388e7af3ffb65022a634e00109c308fe79071cd550dd5ab1f0a571b",
    "https://esm.sh/v124/fast-json-patch@3.1.1/index.d.ts": "45f4ae0bb249e9b5ee4dbaf6a6cd081e25af916237e8322125408c25e791ed72",
    "https://esm.sh/v124/fast-json-patch@3.1.1/module/core.d.ts": "954469f78687603c8b091f09dad4ee2ce3420ad114629ccd5cc721253748446c",
    "https://esm.sh/v124/fast-json-patch@3.1.1/module/duplex.d.ts": "c5f820d4b6245fd5f9f841f8893d1f7d56a9cefcbed60eb6ed4f8de4587a8cb0",
    "https://esm.sh/v124/fast-json-patch@3.1.1/module/helpers.d.ts": "ebf6e19cb84d78da20d022a95f05e8aef12e56f816a1ee12835a4da40d7b14cf"
  }
}
